
Microsoft Visual Studio Solution File, Format Version 12.00
# Visual Studio Version 16
VisualStudioVersion = 16.0.30503.244
MinimumVisualStudioVersion = 10.0.40219.1
Project("{FAE04EC0-301F-11D3-BF4B-00C04F79EFBC}") = "SchoolWebAPIproject", "SchoolWebAPIproject\SchoolWebAPIproject.csproj", "{4D34C4EE-F84E-4028-B0B5-DDF890AFE536}"
EndProject
Project("{FAE04EC0-301F-11D3-BF4B-00C04F79EFBC}") = "SchoolWebAPI_Client_Project", "SchoolWebAPI_Client_Project\SchoolWebAPI_Client_Project.csproj", "{FEED17D5-8CEF-4846-9246-2D9D1D4225A6}"
EndProject
Global
	GlobalSection(SolutionConfigurationPlatforms) = preSolution
		Debug|Any CPU = Debug|Any CPU
		Release|Any CPU = Release|Any CPU
	EndGlobalSection
	GlobalSection(ProjectConfigurationPlatforms) = postSolution
		{4D34C4EE-F84E-4028-B0B5-DDF890AFE536}.Debug|Any CPU.ActiveCfg = Debug|Any CPU
		{4D34C4EE-F84E-4028-B0B5-DDF890AFE536}.Debug|Any CPU.Build.0 = Debug|Any CPU
		{4D34C4EE-F84E-4028-B0B5-DDF890AFE536}.Release|Any CPU.ActiveCfg = Release|Any CPU
		{4D34C4EE-F84E-4028-B0B5-DDF890AFE536}.Release|Any CPU.Build.0 = Release|Any CPU
		{FEED17D5-8CEF-4846-9246-2D9D1D4225A6}.Debug|Any CPU.ActiveCfg = Debug|Any CPU
		{FEED17D5-8CEF-4846-9246-2D9D1D4225A6}.Debug|Any CPU.Build.0 = Debug|Any CPU
		{FEED17D5-8CEF-4846-9246-2D9D1D4225A6}.Release|Any CPU.ActiveCfg = Release|Any CPU
		{FEED17D5-8CEF-4846-9246-2D9D1D4225A6}.Release|Any CPU.Build.0 = Release|Any CPU
	EndGlobalSection
	GlobalSection(SolutionProperties) = preSolution
		HideSolutionNode = FALSE
	EndGlobalSection
	GlobalSection(ExtensibilityGlobals) = postSolution
		SolutionGuid = {F4EDE5A3-AC77-4291-86D0-4E9CD1A08BE1}
	EndGlobalSection
EndGlobal
